
Microsoft Visual Studio Solution File, Format Version 12.00
# Visual Studio Version 17
VisualStudioVersion = 17.14.36705.20
MinimumVisualStudioVersion = 10.0.40219.1
Project("{2150E333-8FDC-42A3-9474-1A3956D46DE8}") = "ApiGateways", "ApiGateways", "{02EA681E-C7D8-13C7-8484-4AC65E1B71E8}"
EndProject
Project("{2150E333-8FDC-42A3-9474-1A3956D46DE8}") = "BuildingBlocks", "BuildingBlocks", "{3787A7D9-FBE5-43DA-BD49-68B49C1BC753}"
EndProject
Project("{2150E333-8FDC-42A3-9474-1A3956D46DE8}") = "Services", "Services", "{1A7CF4F2-0179-4649-87F7-F4E107B382B8}"
EndProject
Project("{2150E333-8FDC-42A3-9474-1A3956D46DE8}") = "Catalog", "Catalog", "{A79EF7B0-201C-4CFE-AAB9-F95635FDC957}"
EndProject
Project("{FAE04EC0-301F-11D3-BF4B-00C04F79EFBC}") = "Catalog.Domain", "Services\Catalog\Catalog.Domain\Catalog.Domain.csproj", "{45E91C84-CD67-41CD-AB86-0CC2EAD531C7}"
EndProject
Project("{FAE04EC0-301F-11D3-BF4B-00C04F79EFBC}") = "Catalog.Application", "Services\Catalog\Catalog.Application\Catalog.Application.csproj", "{175D24C4-01CA-410E-A2B9-B545671F9206}"
EndProject
Project("{FAE04EC0-301F-11D3-BF4B-00C04F79EFBC}") = "Catalog.Infrastructure", "Services\Catalog\Catalog.Infrastructure\Catalog.Infrastructure.csproj", "{B1111EC8-CB59-4E9E-8734-A75EB8E69B6A}"
EndProject
Project("{FAE04EC0-301F-11D3-BF4B-00C04F79EFBC}") = "Catalog.API", "Services\Catalog\Catalog.API\Catalog.API.csproj", "{B84AB659-CCF5-42B2-92B3-E90A7E709DCB}"
EndProject
Project("{FAE04EC0-301F-11D3-BF4B-00C04F79EFBC}") = "YarpApiGateway", "ApiGateways\YarpApiGateway\YarpApiGateway.csproj", "{D9A7A093-53D9-44F1-9AE3-E88ECBC73D05}"
EndProject
Project("{2150E333-8FDC-42A3-9474-1A3956D46DE8}") = "Basket", "Basket", "{1232BFC0-8948-4677-B672-FAC1520049F7}"
EndProject
Project("{FAE04EC0-301F-11D3-BF4B-00C04F79EFBC}") = "Basket.Domain", "Services\Basket\Basket.Domain\Basket.Domain.csproj", "{280F63AC-61B2-4900-A85C-82097E1B563F}"
EndProject
Project("{FAE04EC0-301F-11D3-BF4B-00C04F79EFBC}") = "Basket.Application", "Services\Basket\Basket.Application\Basket.Application.csproj", "{710E450F-5C5B-4242-9599-9CB382F0D059}"
EndProject
Project("{FAE04EC0-301F-11D3-BF4B-00C04F79EFBC}") = "Basket.Infrastructure", "Services\Basket\Basket.Infrastructure\Basket.Infrastructure.csproj", "{E8BA36F7-68DB-4D62-8D20-E7253FB9D3E4}"
EndProject
Project("{FAE04EC0-301F-11D3-BF4B-00C04F79EFBC}") = "Basket.API", "Services\Basket\Basket.API\Basket.API.csproj", "{B5256511-8CAB-4096-A794-CACD26B3E0B3}"
EndProject
Global
	GlobalSection(SolutionConfigurationPlatforms) = preSolution
		Debug|Any CPU = Debug|Any CPU
		Release|Any CPU = Release|Any CPU
	EndGlobalSection
	GlobalSection(ProjectConfigurationPlatforms) = postSolution
		{45E91C84-CD67-41CD-AB86-0CC2EAD531C7}.Debug|Any CPU.ActiveCfg = Debug|Any CPU
		{45E91C84-CD67-41CD-AB86-0CC2EAD531C7}.Debug|Any CPU.Build.0 = Debug|Any CPU
		{45E91C84-CD67-41CD-AB86-0CC2EAD531C7}.Release|Any CPU.ActiveCfg = Release|Any CPU
		{45E91C84-CD67-41CD-AB86-0CC2EAD531C7}.Release|Any CPU.Build.0 = Release|Any CPU
		{175D24C4-01CA-410E-A2B9-B545671F9206}.Debug|Any CPU.ActiveCfg = Debug|Any CPU
		{175D24C4-01CA-410E-A2B9-B545671F9206}.Debug|Any CPU.Build.0 = Debug|Any CPU
		{175D24C4-01CA-410E-A2B9-B545671F9206}.Release|Any CPU.ActiveCfg = Release|Any CPU
		{175D24C4-01CA-410E-A2B9-B545671F9206}.Release|Any CPU.Build.0 = Release|Any CPU
		{B1111EC8-CB59-4E9E-8734-A75EB8E69B6A}.Debug|Any CPU.ActiveCfg = Debug|Any CPU
		{B1111EC8-CB59-4E9E-8734-A75EB8E69B6A}.Debug|Any CPU.Build.0 = Debug|Any CPU
		{B1111EC8-CB59-4E9E-8734-A75EB8E69B6A}.Release|Any CPU.ActiveCfg = Release|Any CPU
		{B1111EC8-CB59-4E9E-8734-A75EB8E69B6A}.Release|Any CPU.Build.0 = Release|Any CPU
		{B84AB659-CCF5-42B2-92B3-E90A7E709DCB}.Debug|Any CPU.ActiveCfg = Debug|Any CPU
		{B84AB659-CCF5-42B2-92B3-E90A7E709DCB}.Debug|Any CPU.Build.0 = Debug|Any CPU
		{B84AB659-CCF5-42B2-92B3-E90A7E709DCB}.Release|Any CPU.ActiveCfg = Release|Any CPU
		{B84AB659-CCF5-42B2-92B3-E90A7E709DCB}.Release|Any CPU.Build.0 = Release|Any CPU
		{D9A7A093-53D9-44F1-9AE3-E88ECBC73D05}.Debug|Any CPU.ActiveCfg = Debug|Any CPU
		{D9A7A093-53D9-44F1-9AE3-E88ECBC73D05}.Debug|Any CPU.Build.0 = Debug|Any CPU
		{D9A7A093-53D9-44F1-9AE3-E88ECBC73D05}.Release|Any CPU.ActiveCfg = Release|Any CPU
		{D9A7A093-53D9-44F1-9AE3-E88ECBC73D05}.Release|Any CPU.Build.0 = Release|Any CPU
		{280F63AC-61B2-4900-A85C-82097E1B563F}.Debug|Any CPU.ActiveCfg = Debug|Any CPU
		{280F63AC-61B2-4900-A85C-82097E1B563F}.Debug|Any CPU.Build.0 = Debug|Any CPU
		{280F63AC-61B2-4900-A85C-82097E1B563F}.Release|Any CPU.ActiveCfg = Release|Any CPU
		{280F63AC-61B2-4900-A85C-82097E1B563F}.Release|Any CPU.Build.0 = Release|Any CPU
		{710E450F-5C5B-4242-9599-9CB382F0D059}.Debug|Any CPU.ActiveCfg = Debug|Any CPU
		{710E450F-5C5B-4242-9599-9CB382F0D059}.Debug|Any CPU.Build.0 = Debug|Any CPU
		{710E450F-5C5B-4242-9599-9CB382F0D059}.Release|Any CPU.ActiveCfg = Release|Any CPU
		{710E450F-5C5B-4242-9599-9CB382F0D059}.Release|Any CPU.Build.0 = Release|Any CPU
		{E8BA36F7-68DB-4D62-8D20-E7253FB9D3E4}.Debug|Any CPU.ActiveCfg = Debug|Any CPU
		{E8BA36F7-68DB-4D62-8D20-E7253FB9D3E4}.Debug|Any CPU.Build.0 = Debug|Any CPU
		{E8BA36F7-68DB-4D62-8D20-E7253FB9D3E4}.Release|Any CPU.ActiveCfg = Release|Any CPU
		{E8BA36F7-68DB-4D62-8D20-E7253FB9D3E4}.Release|Any CPU.Build.0 = Release|Any CPU
		{B5256511-8CAB-4096-A794-CACD26B3E0B3}.Debug|Any CPU.ActiveCfg = Debug|Any CPU
		{B5256511-8CAB-4096-A794-CACD26B3E0B3}.Debug|Any CPU.Build.0 = Debug|Any CPU
		{B5256511-8CAB-4096-A794-CACD26B3E0B3}.Release|Any CPU.ActiveCfg = Release|Any CPU
		{B5256511-8CAB-4096-A794-CACD26B3E0B3}.Release|Any CPU.Build.0 = Release|Any CPU
	EndGlobalSection
	GlobalSection(SolutionProperties) = preSolution
		HideSolutionNode = FALSE
	EndGlobalSection
	GlobalSection(NestedProjects) = preSolution
		{A79EF7B0-201C-4CFE-AAB9-F95635FDC957} = {1A7CF4F2-0179-4649-87F7-F4E107B382B8}
		{45E91C84-CD67-41CD-AB86-0CC2EAD531C7} = {A79EF7B0-201C-4CFE-AAB9-F95635FDC957}
		{175D24C4-01CA-410E-A2B9-B545671F9206} = {A79EF7B0-201C-4CFE-AAB9-F95635FDC957}
		{B1111EC8-CB59-4E9E-8734-A75EB8E69B6A} = {A79EF7B0-201C-4CFE-AAB9-F95635FDC957}
		{B84AB659-CCF5-42B2-92B3-E90A7E709DCB} = {A79EF7B0-201C-4CFE-AAB9-F95635FDC957}
		{D9A7A093-53D9-44F1-9AE3-E88ECBC73D05} = {02EA681E-C7D8-13C7-8484-4AC65E1B71E8}
		{1232BFC0-8948-4677-B672-FAC1520049F7} = {1A7CF4F2-0179-4649-87F7-F4E107B382B8}
		{280F63AC-61B2-4900-A85C-82097E1B563F} = {1232BFC0-8948-4677-B672-FAC1520049F7}
		{710E450F-5C5B-4242-9599-9CB382F0D059} = {1232BFC0-8948-4677-B672-FAC1520049F7}
		{E8BA36F7-68DB-4D62-8D20-E7253FB9D3E4} = {1232BFC0-8948-4677-B672-FAC1520049F7}
		{B5256511-8CAB-4096-A794-CACD26B3E0B3} = {1232BFC0-8948-4677-B672-FAC1520049F7}
	EndGlobalSection
	GlobalSection(ExtensibilityGlobals) = postSolution
		SolutionGuid = {9022632E-3BF4-4FCF-BC4E-C3B6E5667875}
	EndGlobalSection
EndGlobal
